// !$*UTF8*$!
{
	archiveVersion = 1;
	classes = {
	};
	objectVersion = 56;
	objects = {

/* Begin PBXBuildFile section */
		7A184C942A447252007D6D61 /* SearchView.swift in Sources */ = {isa = PBXBuildFile; fileRef = 7A184C932A447252007D6D61 /* SearchView.swift */; };
		7A2B9E662A374AA5006C4912 /* FeedView.swift in Sources */ = {isa = PBXBuildFile; fileRef = 7A2B9E652A374AA5006C4912 /* FeedView.swift */; };
		7A2B9E682A374ABA006C4912 /* FeedCell.swift in Sources */ = {isa = PBXBuildFile; fileRef = 7A2B9E672A374ABA006C4912 /* FeedCell.swift */; };
		7A45B3412A5676C3006B0F68 /* LoginView.swift in Sources */ = {isa = PBXBuildFile; fileRef = 7A45B3402A5676C3006B0F68 /* LoginView.swift */; };
		7A59436B2A2DB00B0092D8D5 /* InstagramCloneApp.swift in Sources */ = {isa = PBXBuildFile; fileRef = 7A59436A2A2DB00B0092D8D5 /* InstagramCloneApp.swift */; };
		7A59436D2A2DB00B0092D8D5 /* ContentView.swift in Sources */ = {isa = PBXBuildFile; fileRef = 7A59436C2A2DB00B0092D8D5 /* ContentView.swift */; };
		7A59436F2A2DB00C0092D8D5 /* Assets.xcassets in Resources */ = {isa = PBXBuildFile; fileRef = 7A59436E2A2DB00C0092D8D5 /* Assets.xcassets */; };
		7A5943722A2DB00C0092D8D5 /* Preview Assets.xcassets in Resources */ = {isa = PBXBuildFile; fileRef = 7A5943712A2DB00C0092D8D5 /* Preview Assets.xcassets */; };
		7A8DB1A12A2F554B00724DB6 /* MainTabView.swift in Sources */ = {isa = PBXBuildFile; fileRef = 7A8DB1A02A2F554B00724DB6 /* MainTabView.swift */; };
		7AA2F5262A32E65C002B66CB /* ProfileView.swift in Sources */ = {isa = PBXBuildFile; fileRef = 7AA2F5252A32E65C002B66CB /* ProfileView.swift */; };
		7AA2F5292A33598C002B66CB /* UserStatView.swift in Sources */ = {isa = PBXBuildFile; fileRef = 7AA2F5282A33598C002B66CB /* UserStatView.swift */; };
/* End PBXBuildFile section */

/* Begin PBXFileReference section */
		7A184C932A447252007D6D61 /* SearchView.swift */ = {isa = PBXFileReference; lastKnownFileType = sourcecode.swift; path = SearchView.swift; sourceTree = "<group>"; };
		7A2B9E652A374AA5006C4912 /* FeedView.swift */ = {isa = PBXFileReference; lastKnownFileType = sourcecode.swift; path = FeedView.swift; sourceTree = "<group>"; };
		7A2B9E672A374ABA006C4912 /* FeedCell.swift */ = {isa = PBXFileReference; lastKnownFileType = sourcecode.swift; path = FeedCell.swift; sourceTree = "<group>"; };
		7A45B3402A5676C3006B0F68 /* LoginView.swift */ = {isa = PBXFileReference; lastKnownFileType = sourcecode.swift; path = LoginView.swift; sourceTree = "<group>"; };
		7A5943672A2DB00B0092D8D5 /* InstagramClone.app */ = {isa = PBXFileReference; explicitFileType = wrapper.application; includeInIndex = 0; path = InstagramClone.app; sourceTree = BUILT_PRODUCTS_DIR; };
		7A59436A2A2DB00B0092D8D5 /* InstagramCloneApp.swift */ = {isa = PBXFileReference; lastKnownFileType = sourcecode.swift; path = InstagramCloneApp.swift; sourceTree = "<group>"; };
		7A59436C2A2DB00B0092D8D5 /* ContentView.swift */ = {isa = PBXFileReference; lastKnownFileType = sourcecode.swift; path = ContentView.swift; sourceTree = "<group>"; };
		7A59436E2A2DB00C0092D8D5 /* Assets.xcassets */ = {isa = PBXFileReference; lastKnownFileType = folder.assetcatalog; path = Assets.xcassets; sourceTree = "<group>"; };
		7A5943712A2DB00C0092D8D5 /* Preview Assets.xcassets */ = {isa = PBXFileReference; lastKnownFileType = folder.assetcatalog; path = "Preview Assets.xcassets"; sourceTree = "<group>"; };
		7A8DB1A02A2F554B00724DB6 /* MainTabView.swift */ = {isa = PBXFileReference; lastKnownFileType = sourcecode.swift; path = MainTabView.swift; sourceTree = "<group>"; };
		7AA2F5252A32E65C002B66CB /* ProfileView.swift */ = {isa = PBXFileReference; lastKnownFileType = sourcecode.swift; path = ProfileView.swift; sourceTree = "<group>"; };
		7AA2F5282A33598C002B66CB /* UserStatView.swift */ = {isa = PBXFileReference; lastKnownFileType = sourcecode.swift; path = UserStatView.swift; sourceTree = "<group>"; };
/* End PBXFileReference section */

/* Begin PBXFrameworksBuildPhase section */
		7A5943642A2DB00B0092D8D5 /* Frameworks */ = {
			isa = PBXFrameworksBuildPhase;
			buildActionMask = 2147483647;
			files = (
			);
			runOnlyForDeploymentPostprocessing = 0;
		};
/* End PBXFrameworksBuildPhase section */

/* Begin PBXGroup section */
		7A59435E2A2DB00B0092D8D5 = {
			isa = PBXGroup;
			children = (
				7A5943692A2DB00B0092D8D5 /* InstagramClone */,
				7A5943682A2DB00B0092D8D5 /* Products */,
			);
			sourceTree = "<group>";
		};
		7A5943682A2DB00B0092D8D5 /* Products */ = {
			isa = PBXGroup;
			children = (
				7A5943672A2DB00B0092D8D5 /* InstagramClone.app */,
			);
			name = Products;
			sourceTree = "<group>";
		};
		7A5943692A2DB00B0092D8D5 /* InstagramClone */ = {
			isa = PBXGroup;
			children = (
				7A5943832A2DB3100092D8D5 /* App */,
				7A5943822A2DB3090092D8D5 /* Core */,
				7A5943812A2DB2FE0092D8D5 /* Extensions */,
				7A5943802A2DB2F50092D8D5 /* Model */,
				7A59437F2A2DB2EB0092D8D5 /* Services */,
				7A59436C2A2DB00B0092D8D5 /* ContentView.swift */,
				7A59436E2A2DB00C0092D8D5 /* Assets.xcassets */,
				7A5943702A2DB00C0092D8D5 /* Preview Content */,
			);
			path = InstagramClone;
			sourceTree = "<group>";
		};
		7A5943702A2DB00C0092D8D5 /* Preview Content */ = {
			isa = PBXGroup;
			children = (
				7A5943712A2DB00C0092D8D5 /* Preview Assets.xcassets */,
			);
			path = "Preview Content";
			sourceTree = "<group>";
		};
		7A59437F2A2DB2EB0092D8D5 /* Services */ = {
			isa = PBXGroup;
			children = (
			);
			path = Services;
			sourceTree = "<group>";
		};
		7A5943802A2DB2F50092D8D5 /* Model */ = {
			isa = PBXGroup;
			children = (
			);
			path = Model;
			sourceTree = "<group>";
		};
		7A5943812A2DB2FE0092D8D5 /* Extensions */ = {
			isa = PBXGroup;
			children = (
			);
			path = Extensions;
			sourceTree = "<group>";
		};
		7A5943822A2DB3090092D8D5 /* Core */ = {
			isa = PBXGroup;
			children = (
				7A5943842A2DB3970092D8D5 /* Authentication */,
				7AA2F5272A33595B002B66CB /* Components */,
				7A5943852A2DB4210092D8D5 /* Feed */,
				7A5943862A2DB4340092D8D5 /* Profile */,
				7A5943872A2DB4450092D8D5 /* Root */,
				7A5943882A2DB45A0092D8D5 /* Search */,
				7A59438A2A2DB49F0092D8D5 /* TabBar */,
				7A5943892A2DB4940092D8D5 /* UploadPost */,
			);
			path = Core;
			sourceTree = "<group>";
		};
		7A5943832A2DB3100092D8D5 /* App */ = {
			isa = PBXGroup;
			children = (
				7A59436A2A2DB00B0092D8D5 /* InstagramCloneApp.swift */,
			);
			path = App;
			sourceTree = "<group>";
		};
		7A5943842A2DB3970092D8D5 /* Authentication */ = {
			isa = PBXGroup;
			children = (
				7A45B3402A5676C3006B0F68 /* LoginView.swift */,
			);
			path = Authentication;
			sourceTree = "<group>";
		};
		7A5943852A2DB4210092D8D5 /* Feed */ = {
			isa = PBXGroup;
			children = (
				7A2B9E652A374AA5006C4912 /* FeedView.swift */,
				7A2B9E672A374ABA006C4912 /* FeedCell.swift */,
			);
			path = Feed;
			sourceTree = "<group>";
		};
		7A5943862A2DB4340092D8D5 /* Profile */ = {
			isa = PBXGroup;
			children = (
				7AA2F5252A32E65C002B66CB /* ProfileView.swift */,
			);
			path = Profile;
			sourceTree = "<group>";
		};
		7A5943872A2DB4450092D8D5 /* Root */ = {
			isa = PBXGroup;
			children = (
			);
			path = Root;
			sourceTree = "<group>";
		};
		7A5943882A2DB45A0092D8D5 /* Search */ = {
			isa = PBXGroup;
			children = (
				7A184C932A447252007D6D61 /* SearchView.swift */,
			);
			path = Search;
			sourceTree = "<group>";
		};
		7A5943892A2DB4940092D8D5 /* UploadPost */ = {
			isa = PBXGroup;
			children = (
			);
			path = UploadPost;
			sourceTree = "<group>";
		};
		7A59438A2A2DB49F0092D8D5 /* TabBar */ = {
			isa = PBXGroup;
			children = (
				7A8DB1A02A2F554B00724DB6 /* MainTabView.swift */,
			);
			path = TabBar;
			sourceTree = "<group>";
		};
		7AA2F5272A33595B002B66CB /* Components */ = {
			isa = PBXGroup;
			children = (
				7AA2F5282A33598C002B66CB /* UserStatView.swift */,
			);
			path = Components;
			sourceTree = "<group>";
		};
/* End PBXGroup section */

/* Begin PBXNativeTarget section */
		7A5943662A2DB00B0092D8D5 /* InstagramClone */ = {
			isa = PBXNativeTarget;
			buildConfigurationList = 7A5943752A2DB00C0092D8D5 /* Build configuration list for PBXNativeTarget "InstagramClone" */;
			buildPhases = (
				7A5943632A2DB00B0092D8D5 /* Sources */,
				7A5943642A2DB00B0092D8D5 /* Frameworks */,
				7A5943652A2DB00B0092D8D5 /* Resources */,
			);
			buildRules = (
			);
			dependencies = (
			);
			name = InstagramClone;
			productName = InstagramClone;
			productReference = 7A5943672A2DB00B0092D8D5 /* InstagramClone.app */;
			productType = "com.apple.product-type.application";
		};
/* End PBXNativeTarget section */

/* Begin PBXProject section */
		7A59435F2A2DB00B0092D8D5 /* Project object */ = {
			isa = PBXProject;
			attributes = {
				BuildIndependentTargetsInParallel = 1;
				LastSwiftUpdateCheck = 1430;
				LastUpgradeCheck = 1430;
				TargetAttributes = {
					7A5943662A2DB00B0092D8D5 = {
						CreatedOnToolsVersion = 14.3.1;
					};
				};
			};
			buildConfigurationList = 7A5943622A2DB00B0092D8D5 /* Build configuration list for PBXProject "InstagramClone" */;
			compatibilityVersion = "Xcode 14.0";
			developmentRegion = en;
			hasScannedForEncodings = 0;
			knownRegions = (
				en,
				Base,
			);
			mainGroup = 7A59435E2A2DB00B0092D8D5;
			productRefGroup = 7A5943682A2DB00B0092D8D5 /* Products */;
			projectDirPath = "";
			projectRoot = "";
			targets = (
				7A5943662A2DB00B0092D8D5 /* InstagramClone */,
			);
		};
/* End PBXProject section */

/* Begin PBXResourcesBuildPhase section */
		7A5943652A2DB00B0092D8D5 /* Resources */ = {
			isa = PBXResourcesBuildPhase;
			buildActionMask = 2147483647;
			files = (
				7A5943722A2DB00C0092D8D5 /* Preview Assets.xcassets in Resources */,
				7A59436F2A2DB00C0092D8D5 /* Assets.xcassets in Resources */,
			);
			runOnlyForDeploymentPostprocessing = 0;
		};
/* End PBXResourcesBuildPhase section */

/* Begin PBXSourcesBuildPhase section */
		7A5943632A2DB00B0092D8D5 /* Sources */ = {
			isa = PBXSourcesBuildPhase;
			buildActionMask = 2147483647;
			files = (
				7A2B9E682A374ABA006C4912 /* FeedCell.swift in Sources */,
				7AA2F5262A32E65C002B66CB /* ProfileView.swift in Sources */,
				7A59436D2A2DB00B0092D8D5 /* ContentView.swift in Sources */,
				7A45B3412A5676C3006B0F68 /* LoginView.swift in Sources */,
				7A59436B2A2DB00B0092D8D5 /* InstagramCloneApp.swift in Sources */,
				7A184C942A447252007D6D61 /* SearchView.swift in Sources */,
				7AA2F5292A33598C002B66CB /* UserStatView.swift in Sources */,
				7A2B9E662A374AA5006C4912 /* FeedView.swift in Sources */,
				7A8DB1A12A2F554B00724DB6 /* MainTabView.swift in Sources */,
			);
			runOnlyForDeploymentPostprocessing = 0;
		};
/* End PBXSourcesBuildPhase section */

/* Begin XCBuildConfiguration section */
		7A5943732A2DB00C0092D8D5 /* Debug */ = {
			isa = XCBuildConfiguration;
			buildSettings = {
				ALWAYS_SEARCH_USER_PATHS = NO;
				CLANG_ANALYZER_NONNULL = YES;
				CLANG_ANALYZER_NUMBER_OBJECT_CONVERSION = YES_AGGRESSIVE;
				CLANG_CXX_LANGUAGE_STANDARD = "gnu++20";
				CLANG_ENABLE_MODULES = YES;
				CLANG_ENABLE_OBJC_ARC = YES;
				CLANG_ENABLE_OBJC_WEAK = YES;
				CLANG_WARN_BLOCK_CAPTURE_AUTORELEASING = YES;
				CLANG_WARN_BOOL_CONVERSION = YES;
				CLANG_WARN_COMMA = YES;
				CLANG_WARN_CONSTANT_CONVERSION = YES;
				CLANG_WARN_DEPRECATED_OBJC_IMPLEMENTATIONS = YES;
				CLANG_WARN_DIRECT_OBJC_ISA_USAGE = YES_ERROR;
				CLANG_WARN_DOCUMENTATION_COMMENTS = YES;
				CLANG_WARN_EMPTY_BODY = YES;
				CLANG_WARN_ENUM_CONVERSION = YES;
				CLANG_WARN_INFINITE_RECURSION = YES;
				CLANG_WARN_INT_CONVERSION = YES;
				CLANG_WARN_NON_LITERAL_NULL_CONVERSION = YES;
				CLANG_WARN_OBJC_IMPLICIT_RETAIN_SELF = YES;
				CLANG_WARN_OBJC_LITERAL_CONVERSION = YES;
				CLANG_WARN_OBJC_ROOT_CLASS = YES_ERROR;
				CLANG_WARN_QUOTED_INCLUDE_IN_FRAMEWORK_HEADER = YES;
				CLANG_WARN_RANGE_LOOP_ANALYSIS = YES;
				CLANG_WARN_STRICT_PROTOTYPES = YES;
				CLANG_WARN_SUSPICIOUS_MOVE = YES;
				CLANG_WARN_UNGUARDED_AVAILABILITY = YES_AGGRESSIVE;
				CLANG_WARN_UNREACHABLE_CODE = YES;
				CLANG_WARN__DUPLICATE_METHOD_MATCH = YES;
				COPY_PHASE_STRIP = NO;
				DEBUG_INFORMATION_FORMAT = dwarf;
				ENABLE_STRICT_OBJC_MSGSEND = YES;
				ENABLE_TESTABILITY = YES;
				GCC_C_LANGUAGE_STANDARD = gnu11;
				GCC_DYNAMIC_NO_PIC = NO;
				GCC_NO_COMMON_BLOCKS = YES;
				GCC_OPTIMIZATION_LEVEL = 0;
				GCC_PREPROCESSOR_DEFINITIONS = (
					"DEBUG=1",
					"$(inherited)",
				);
				GCC_WARN_64_TO_32_BIT_CONVERSION = YES;
				GCC_WARN_ABOUT_RETURN_TYPE = YES_ERROR;
				GCC_WARN_UNDECLARED_SELECTOR = YES;
				GCC_WARN_UNINITIALIZED_AUTOS = YES_AGGRESSIVE;
				GCC_WARN_UNUSED_FUNCTION = YES;
				GCC_WARN_UNUSED_VARIABLE = YES;
				IPHONEOS_DEPLOYMENT_TARGET = 16.4;
				MTL_ENABLE_DEBUG_INFO = INCLUDE_SOURCE;
				MTL_FAST_MATH = YES;
				ONLY_ACTIVE_ARCH = YES;
				SDKROOT = iphoneos;
				SWIFT_ACTIVE_COMPILATION_CONDITIONS = DEBUG;
				SWIFT_OPTIMIZATION_LEVEL = "-Onone";
			};
			name = Debug;
		};
		7A5943742A2DB00C0092D8D5 /* Release */ = {
			isa = XCBuildConfiguration;
			buildSettings = {
				ALWAYS_SEARCH_USER_PATHS = NO;
				CLANG_ANALYZER_NONNULL = YES;
				CLANG_ANALYZER_NUMBER_OBJECT_CONVERSION = YES_AGGRESSIVE;
				CLANG_CXX_LANGUAGE_STANDARD = "gnu++20";
				CLANG_ENABLE_MODULES = YES;
				CLANG_ENABLE_OBJC_ARC = YES;
				CLANG_ENABLE_OBJC_WEAK = YES;
				CLANG_WARN_BLOCK_CAPTURE_AUTORELEASING = YES;
				CLANG_WARN_BOOL_CONVERSION = YES;
				CLANG_WARN_COMMA = YES;
				CLANG_WARN_CONSTANT_CONVERSION = YES;
				CLANG_WARN_DEPRECATED_OBJC_IMPLEMENTATIONS = YES;
				CLANG_WARN_DIRECT_OBJC_ISA_USAGE = YES_ERROR;
				CLANG_WARN_DOCUMENTATION_COMMENTS = YES;
				CLANG_WARN_EMPTY_BODY = YES;
				CLANG_WARN_ENUM_CONVERSION = YES;
				CLANG_WARN_INFINITE_RECURSION = YES;
				CLANG_WARN_INT_CONVERSION = YES;
				CLANG_WARN_NON_LITERAL_NULL_CONVERSION = YES;
				CLANG_WARN_OBJC_IMPLICIT_RETAIN_SELF = YES;
				CLANG_WARN_OBJC_LITERAL_CONVERSION = YES;
				CLANG_WARN_OBJC_ROOT_CLASS = YES_ERROR;
				CLANG_WARN_QUOTED_INCLUDE_IN_FRAMEWORK_HEADER = YES;
				CLANG_WARN_RANGE_LOOP_ANALYSIS = YES;
				CLANG_WARN_STRICT_PROTOTYPES = YES;
				CLANG_WARN_SUSPICIOUS_MOVE = YES;
				CLANG_WARN_UNGUARDED_AVAILABILITY = YES_AGGRESSIVE;
				CLANG_WARN_UNREACHABLE_CODE = YES;
				CLANG_WARN__DUPLICATE_METHOD_MATCH = YES;
				COPY_PHASE_STRIP = NO;
				DEBUG_INFORMATION_FORMAT = "dwarf-with-dsym";
				ENABLE_NS_ASSERTIONS = NO;
				ENABLE_STRICT_OBJC_MSGSEND = YES;
				GCC_C_LANGUAGE_STANDARD = gnu11;
				GCC_NO_COMMON_BLOCKS = YES;
				GCC_WARN_64_TO_32_BIT_CONVERSION = YES;
				GCC_WARN_ABOUT_RETURN_TYPE = YES_ERROR;
				GCC_WARN_UNDECLARED_SELECTOR = YES;
				GCC_WARN_UNINITIALIZED_AUTOS = YES_AGGRESSIVE;
				GCC_WARN_UNUSED_FUNCTION = YES;
				GCC_WARN_UNUSED_VARIABLE = YES;
				IPHONEOS_DEPLOYMENT_TARGET = 16.4;
				MTL_ENABLE_DEBUG_INFO = NO;
				MTL_FAST_MATH = YES;
				SDKROOT = iphoneos;
				SWIFT_COMPILATION_MODE = wholemodule;
				SWIFT_OPTIMIZATION_LEVEL = "-O";
				VALIDATE_PRODUCT = YES;
			};
			name = Release;
		};
		7A5943762A2DB00C0092D8D5 /* Debug */ = {
			isa = XCBuildConfiguration;
			buildSettings = {
				ASSETCATALOG_COMPILER_APPICON_NAME = AppIcon;
				ASSETCATALOG_COMPILER_GLOBAL_ACCENT_COLOR_NAME = AccentColor;
				CODE_SIGN_STYLE = Automatic;
				CURRENT_PROJECT_VERSION = 1;
				DEVELOPMENT_ASSET_PATHS = "\"InstagramClone/Preview Content\"";
				DEVELOPMENT_TEAM = ML67Q7NY9A;
				ENABLE_PREVIEWS = YES;
				GENERATE_INFOPLIST_FILE = YES;
				INFOPLIST_KEY_UIApplicationSceneManifest_Generation = YES;
				INFOPLIST_KEY_UIApplicationSupportsIndirectInputEvents = YES;
				INFOPLIST_KEY_UILaunchScreen_Generation = YES;
				INFOPLIST_KEY_UISupportedInterfaceOrientations_iPad = "UIInterfaceOrientationPortrait UIInterfaceOrientationPortraitUpsideDown UIInterfaceOrientationLandscapeLeft UIInterfaceOrientationLandscapeRight";
				INFOPLIST_KEY_UISupportedInterfaceOrientations_iPhone = "UIInterfaceOrientationPortrait UIInterfaceOrientationLandscapeLeft UIInterfaceOrientationLandscapeRight";
				LD_RUNPATH_SEARCH_PATHS = (
					"$(inherited)",
					"@executable_path/Frameworks",
				);
				MARKETING_VERSION = 1.0;
				PRODUCT_BUNDLE_IDENTIFIER = com.ajbaggar.InstagramClone;
				PRODUCT_NAME = "$(TARGET_NAME)";
				SWIFT_EMIT_LOC_STRINGS = YES;
				SWIFT_VERSION = 5.0;
				TARGETED_DEVICE_FAMILY = "1,2";
			};
			name = Debug;
		};
		7A5943772A2DB00C0092D8D5 /* Release */ = {
			isa = XCBuildConfiguration;
			buildSettings = {
				ASSETCATALOG_COMPILER_APPICON_NAME = AppIcon;
				ASSETCATALOG_COMPILER_GLOBAL_ACCENT_COLOR_NAME = AccentColor;
				CODE_SIGN_STYLE = Automatic;
				CURRENT_PROJECT_VERSION = 1;
				DEVELOPMENT_ASSET_PATHS = "\"InstagramClone/Preview Content\"";
				DEVELOPMENT_TEAM = ML67Q7NY9A;
				ENABLE_PREVIEWS = YES;
				GENERATE_INFOPLIST_FILE = YES;
				INFOPLIST_KEY_UIApplicationSceneManifest_Generation = YES;
				INFOPLIST_KEY_UIApplicationSupportsIndirectInputEvents = YES;
				INFOPLIST_KEY_UILaunchScreen_Generation = YES;
				INFOPLIST_KEY_UISupportedInterfaceOrientations_iPad = "UIInterfaceOrientationPortrait UIInterfaceOrientationPortraitUpsideDown UIInterfaceOrientationLandscapeLeft UIInterfaceOrientationLandscapeRight";
				INFOPLIST_KEY_UISupportedInterfaceOrientations_iPhone = "UIInterfaceOrientationPortrait UIInterfaceOrientationLandscapeLeft UIInterfaceOrientationLandscapeRight";
				LD_RUNPATH_SEARCH_PATHS = (
					"$(inherited)",
					"@executable_path/Frameworks",
				);
				MARKETING_VERSION = 1.0;
				PRODUCT_BUNDLE_IDENTIFIER = com.ajbaggar.InstagramClone;
				PRODUCT_NAME = "$(TARGET_NAME)";
				SWIFT_EMIT_LOC_STRINGS = YES;
				SWIFT_VERSION = 5.0;
				TARGETED_DEVICE_FAMILY = "1,2";
			};
			name = Release;
		};
/* End XCBuildConfiguration section */

/* Begin XCConfigurationList section */
		7A5943622A2DB00B0092D8D5 /* Build configuration list for PBXProject "InstagramClone" */ = {
			isa = XCConfigurationList;
			buildConfigurations = (
				7A5943732A2DB00C0092D8D5 /* Debug */,
				7A5943742A2DB00C0092D8D5 /* Release */,
			);
			defaultConfigurationIsVisible = 0;
			defaultConfigurationName = Release;
		};
		7A5943752A2DB00C0092D8D5 /* Build configuration list for PBXNativeTarget "InstagramClone" */ = {
			isa = XCConfigurationList;
			buildConfigurations = (
				7A5943762A2DB00C0092D8D5 /* Debug */,
				7A5943772A2DB00C0092D8D5 /* Release */,
			);
			defaultConfigurationIsVisible = 0;
			defaultConfigurationName = Release;
		};
/* End XCConfigurationList section */
	};
	rootObject = 7A59435F2A2DB00B0092D8D5 /* Project object */;
}
